
Microsoft Visual Studio Solution File, Format Version 12.00
# Visual Studio Version 16
VisualStudioVersion = 16.0.30907.101
MinimumVisualStudioVersion = 10.0.40219.1
Project("{F14B399A-7131-4C87-9E4B-1186C45EF12D}") = "SSRS1", "SSRS1\SSRS1.rptproj", "{3C1FDB53-1652-49D2-ABE4-DCAD6D155CD4}"
EndProject
Global
	GlobalSection(SolutionConfigurationPlatforms) = preSolution
		Debug|Default = Debug|Default
		DebugLocal|Default = DebugLocal|Default
		Release|Default = Release|Default
	EndGlobalSection
	GlobalSection(ProjectConfigurationPlatforms) = postSolution
		{3C1FDB53-1652-49D2-ABE4-DCAD6D155CD4}.Debug|Default.ActiveCfg = Debug
		{3C1FDB53-1652-49D2-ABE4-DCAD6D155CD4}.Debug|Default.Build.0 = Debug
		{3C1FDB53-1652-49D2-ABE4-DCAD6D155CD4}.Debug|Default.Deploy.0 = Debug
		{3C1FDB53-1652-49D2-ABE4-DCAD6D155CD4}.DebugLocal|Default.ActiveCfg = DebugLocal
		{3C1FDB53-1652-49D2-ABE4-DCAD6D155CD4}.DebugLocal|Default.Build.0 = DebugLocal
		{3C1FDB53-1652-49D2-ABE4-DCAD6D155CD4}.Release|Default.ActiveCfg = Release
		{3C1FDB53-1652-49D2-ABE4-DCAD6D155CD4}.Release|Default.Build.0 = Release
		{3C1FDB53-1652-49D2-ABE4-DCAD6D155CD4}.Release|Default.Deploy.0 = Release
	EndGlobalSection
	GlobalSection(SolutionProperties) = preSolution
		HideSolutionNode = FALSE
	EndGlobalSection
	GlobalSection(ExtensibilityGlobals) = postSolution
		SolutionGuid = {66A17661-71AE-4343-950B-52817C24C0F9}
	EndGlobalSection
EndGlobal
